        "crypto-browserify": "^3.12.0",
        "stream-browserify": "^3.0.0",
        "@babel/plugin-proposal-private-property-in-object": "^7.21.11",
        "react-app-rewired": "^2.2.1",
      "version": "7.21.11",
      "resolved": "https://registry.npmjs.org/@babel/plugin-proposal-private-property-in-object/-/plugin-proposal-private-property-in-object-7.21.11.tgz",
      "integrity": "sha512-0QZ8qP/3RLDVBwBFoWAwCtgcDZJVwA5LUJRZU8x2YFfKNuFq161wK3cuGrALu5yiPu+vzwTAg/sMWVNeWeNyaw==",
      "deprecated": "This proposal has been merged to the ECMAScript standard and thus this plugin is no longer maintained. Please use @babel/plugin-transform-private-property-in-object instead.",
      "dev": true,
      "license": "MIT",
      "dependencies": {
        "@babel/helper-annotate-as-pure": "^7.18.6",
        "@babel/helper-create-class-features-plugin": "^7.21.0",
        "@babel/helper-plugin-utils": "^7.20.2",
        "@babel/plugin-syntax-private-property-in-object": "^7.14.5"
      },
    "node_modules/@babel/preset-env/node_modules/@babel/plugin-proposal-private-property-in-object": {
      "version": "7.21.0-placeholder-for-preset-env.2",
      "resolved": "https://registry.npmjs.org/@babel/plugin-proposal-private-property-in-object/-/plugin-proposal-private-property-in-object-7.21.0-placeholder-for-preset-env.2.tgz",
      "integrity": "sha512-SOSkfJDddaM7mak6cPEpswyTRnuRltl429hMraQEglW+OkovnCzsiszTmsrlY//qLFjCpQDFRvjdm2wA5pPm9w==",
      "license": "MIT",
      "engines": {
        "node": ">=6.9.0"
      },
      "peerDependencies": {
        "@babel/core": "^7.0.0-0"
      }
    },
    "node_modules/@reown/appkit-common/node_modules/typescript": {
      "version": "5.9.3",
      "resolved": "https://registry.npmjs.org/typescript/-/typescript-5.9.3.tgz",
      "integrity": "sha512-jl1vZzPDinLr9eUt3J/t7V6FgNEw9QjvBPdysz9KfQDD41fQrC2Y4vKQdiaUpFT4bXlb1RHhLpp8wtm6M5TgSw==",
      "license": "Apache-2.0",
      "optional": true,
      "peer": true,
      "bin": {
        "tsc": "bin/tsc",
        "tsserver": "bin/tsserver"
      },
      "engines": {
        "node": ">=14.17"
      }
    },
    "node_modules/@reown/appkit-controllers/node_modules/typescript": {
      "version": "5.9.3",
      "resolved": "https://registry.npmjs.org/typescript/-/typescript-5.9.3.tgz",
      "integrity": "sha512-jl1vZzPDinLr9eUt3J/t7V6FgNEw9QjvBPdysz9KfQDD41fQrC2Y4vKQdiaUpFT4bXlb1RHhLpp8wtm6M5TgSw==",
      "license": "Apache-2.0",
      "optional": true,
      "peer": true,
      "bin": {
        "tsc": "bin/tsc",
        "tsserver": "bin/tsserver"
      },
      "engines": {
        "node": ">=14.17"
      }
    },
    "node_modules/@reown/appkit-utils/node_modules/typescript": {
      "version": "5.9.3",
      "resolved": "https://registry.npmjs.org/typescript/-/typescript-5.9.3.tgz",
      "integrity": "sha512-jl1vZzPDinLr9eUt3J/t7V6FgNEw9QjvBPdysz9KfQDD41fQrC2Y4vKQdiaUpFT4bXlb1RHhLpp8wtm6M5TgSw==",
      "license": "Apache-2.0",
      "optional": true,
      "peer": true,
      "bin": {
        "tsc": "bin/tsc",
        "tsserver": "bin/tsserver"
      },
      "engines": {
        "node": ">=14.17"
      }
    },
    "node_modules/@reown/appkit/node_modules/typescript": {
      "version": "5.9.3",
      "resolved": "https://registry.npmjs.org/typescript/-/typescript-5.9.3.tgz",
      "integrity": "sha512-jl1vZzPDinLr9eUt3J/t7V6FgNEw9QjvBPdysz9KfQDD41fQrC2Y4vKQdiaUpFT4bXlb1RHhLpp8wtm6M5TgSw==",
      "license": "Apache-2.0",
      "optional": true,
      "peer": true,
      "bin": {
        "tsc": "bin/tsc",
        "tsserver": "bin/tsserver"
      },
      "engines": {
        "node": ">=14.17"
      }
    },
    "node_modules/@solana-mobile/mobile-wallet-adapter-protocol-web3js/node_modules/@types/react": {
      "version": "19.2.7",
      "resolved": "https://registry.npmjs.org/@types/react/-/react-19.2.7.tgz",
      "integrity": "sha512-MWtvHrGZLFttgeEj28VXHxpmwYbor/ATPYbBfSFZEIRK0ecCFLl2Qo55z52Hss+UV9CRN7trSeq1zbgx7YDWWg==",
      "license": "MIT",
      "optional": true,
      "peer": true,
      "dependencies": {
        "csstype": "^3.2.2"
      }
    },
        "node": ">=8"
      }
    },
    "node_modules/@solana-mobile/mobile-wallet-adapter-protocol-web3js/node_modules/babel-plugin-jest-hoist": {
      "version": "29.6.3",
      "resolved": "https://registry.npmjs.org/babel-plugin-jest-hoist/-/babel-plugin-jest-hoist-29.6.3.tgz",
      "integrity": "sha512-ESAc/RJvGTFEzRwOTT4+lNDk/GNHMkKbNzsvT0qKRfDyyYTskxB5rnU2njIDYVxXCBHHEI1c0YwHob3WaYujOg==",
      "license": "MIT",
      "peer": true,
      "dependencies": {
        "@babel/template": "^7.3.3",
        "@babel/types": "^7.3.3",
        "@types/babel__core": "^7.1.14",
        "@types/babel__traverse": "^7.0.6"
      },
      "engines": {
        "node": "^14.15.0 || ^16.10.0 || >=18.0.0"
      }
    },
    "node_modules/@solana-mobile/mobile-wallet-adapter-protocol-web3js/node_modules/babel-preset-jest": {
      "version": "29.6.3",
      "resolved": "https://registry.npmjs.org/babel-preset-jest/-/babel-preset-jest-29.6.3.tgz",
      "integrity": "sha512-0B3bhxR6snWXJZtR/RliHTDPRgn1sNHOR0yVtq/IiQFyuOVjFS+wuio/R4gSNkyYmKmJB4wGZv2NZanmKmTnNA==",
      "license": "MIT",
      "peer": true,
      "dependencies": {
        "babel-plugin-jest-hoist": "^29.6.3",
        "babel-preset-current-node-syntax": "^1.0.0"
      },
      "engines": {
        "node": "^14.15.0 || ^16.10.0 || >=18.0.0"
      },
      "peerDependencies": {
        "@babel/core": "^7.0.0"
      }
    },
    "node_modules/@solana-mobile/mobile-wallet-adapter-protocol-web3js/node_modules/base-x": {
      "version": "4.0.1",
      "resolved": "https://registry.npmjs.org/base-x/-/base-x-4.0.1.tgz",
      "integrity": "sha512-uAZ8x6r6S3aUM9rbHGVOIsR15U/ZSc82b3ymnCPsT45Gk1DDvhDPdIgB5MrhirZWt+5K0EEPQH985kNqZgNPFw==",
      "license": "MIT"
    },
    "node_modules/@solana-mobile/mobile-wallet-adapter-protocol-web3js/node_modules/bs58": {
      "version": "5.0.0",
      "resolved": "https://registry.npmjs.org/bs58/-/bs58-5.0.0.tgz",
      "integrity": "sha512-r+ihvQJvahgYT50JD05dyJNKlmmSlMoOGwn1lCcEzanPglg7TxYjioQUYehQ9mAR/+hOSd2jRc/Z2y5UxBymvQ==",
      "license": "MIT",
      "dependencies": {
        "base-x": "^4.0.0"
      }
    },
    "node_modules/@solana-mobile/mobile-wallet-adapter-protocol-web3js/node_modules/chalk": {
      "version": "5.6.2",
      "resolved": "https://registry.npmjs.org/chalk/-/chalk-5.6.2.tgz",
      "integrity": "sha512-7NzBL0rN6fMUW+f7A6Io4h40qQlG+xGmtMxfbnH/K7TAtt8JQWVQK+6g0UXKMeVJoyV5EkkNsErQ8pVD3bLHbA==",
      "license": "MIT",
      "engines": {
        "node": "^12.17.0 || ^14.13 || >=16.0.0"
      },
      "funding": {
        "url": "https://github.com/chalk/chalk?sponsor=1"
      }
    },
    "node_modules/@solana-mobile/mobile-wallet-adapter-protocol-web3js/node_modules/color-convert": {
      "version": "2.0.1",
      "resolved": "https://registry.npmjs.org/color-convert/-/color-convert-2.0.1.tgz",
      "integrity": "sha512-RRECPsj7iu/xb5oKYcsFHSppFNnsj/52OVTRKb4zP5onXwVF3zVmmToNcOfGC+CRDpfK/U584fMg38ZHCaElKQ==",
      "license": "MIT",
      "peer": true,
      "dependencies": {
        "color-name": "~1.1.4"
      },
      "engines": {
        "node": ">=7.0.0"
      }
    },
    "node_modules/@solana-mobile/mobile-wallet-adapter-protocol-web3js/node_modules/color-name": {
      "version": "1.1.4",
      "resolved": "https://registry.npmjs.org/color-name/-/color-name-1.1.4.tgz",
      "integrity": "sha512-dOy+3AuW3a2wNbZHIuMZpTcgjGuLU/uBL/ubcZF9OXbDo8ff4O8yVp5Bf0efS8uEoYo5q4Fx7dY9OgQGXgAsQA==",
      "license": "MIT",
      "peer": true
    },
    "node_modules/@solana-mobile/mobile-wallet-adapter-protocol-web3js/node_modules/commander": {
      "version": "14.0.1",
      "resolved": "https://registry.npmjs.org/commander/-/commander-14.0.1.tgz",
      "integrity": "sha512-2JkV3gUZUVrbNA+1sjBOYLsMZ5cEEl8GTFP2a4AVz5hvasAMCQ1D2l2le/cX+pV4N6ZU17zjUahLpIXRrnWL8A==",
      "license": "MIT",
      "engines": {
        "node": ">=20"
      }
    },
    "node_modules/@solana-mobile/mobile-wallet-adapter-protocol-web3js/node_modules/has-flag": {
      "version": "4.0.0",
      "resolved": "https://registry.npmjs.org/has-flag/-/has-flag-4.0.0.tgz",
      "integrity": "sha512-EykJT/Q1KjTWctppgIAgfSO0tKVuZUjhgMr17kqTumMl6Afv3EISleU7qZUzoXDFTAHTDC4NOoG/ZxU3EvlMPQ==",
      "license": "MIT",
      "peer": true,
      "engines": {
        "node": ">=8"
      }
    },
    "node_modules/@solana-mobile/mobile-wallet-adapter-protocol-web3js/node_modules/jest-haste-map": {
      "version": "29.7.0",
      "resolved": "https://registry.npmjs.org/jest-haste-map/-/jest-haste-map-29.7.0.tgz",
      "integrity": "sha512-fP8u2pyfqx0K1rGn1R9pyE0/KTn+G7PxktWidOBTqFPLYX0b9ksaMFkhK5vrS3DVun09pckLdlx90QthlW7AmA==",
      "license": "MIT",
      "peer": true,
      "dependencies": {
        "@jest/types": "^29.6.3",
        "@types/graceful-fs": "^4.1.3",
        "@types/node": "*",
        "anymatch": "^3.0.3",
        "fb-watchman": "^2.0.0",
        "graceful-fs": "^4.2.9",
        "jest-regex-util": "^29.6.3",
        "jest-util": "^29.7.0",
        "jest-worker": "^29.7.0",
        "micromatch": "^4.0.4",
        "walker": "^1.0.8"
      },
      "engines": {
        "node": "^14.15.0 || ^16.10.0 || >=18.0.0"
      },
      "optionalDependencies": {
        "fsevents": "^2.3.2"
      }
    },
    "node_modules/@solana-mobile/mobile-wallet-adapter-protocol-web3js/node_modules/jest-regex-util": {
      "version": "29.6.3",
      "resolved": "https://registry.npmjs.org/jest-regex-util/-/jest-regex-util-29.6.3.tgz",
      "integrity": "sha512-KJJBsRCyyLNWCNBOvZyRDnAIfUiRJ8v+hOBQYGn8gDyF3UegwiP4gwRR3/SDa42g1YbVycTidUF3rKjyLFDWbg==",
      "license": "MIT",
      "peer": true,
      "engines": {
        "node": "^14.15.0 || ^16.10.0 || >=18.0.0"
      }
    },
    "node_modules/@solana-mobile/mobile-wallet-adapter-protocol-web3js/node_modules/jest-util": {
      "version": "29.7.0",
      "resolved": "https://registry.npmjs.org/jest-util/-/jest-util-29.7.0.tgz",
      "integrity": "sha512-z6EbKajIpqGKU56y5KBUgy1dt1ihhQJgWzUlZHArA/+X2ad7Cb5iF+AK1EWVL/Bo7Rz9uurpqw6SiBCefUbCGA==",
      "license": "MIT",
      "peer": true,
      "dependencies": {
        "@jest/types": "^29.6.3",
        "@types/node": "*",
        "chalk": "^4.0.0",
        "ci-info": "^3.2.0",
        "graceful-fs": "^4.2.9",
        "picomatch": "^2.2.3"
      },
      "engines": {
        "node": "^14.15.0 || ^16.10.0 || >=18.0.0"
      }
    },
    "node_modules/@solana-mobile/mobile-wallet-adapter-protocol-web3js/node_modules/jest-util/node_modules/ansi-styles": {
      "version": "4.3.0",
      "resolved": "https://registry.npmjs.org/ansi-styles/-/ansi-styles-4.3.0.tgz",
      "integrity": "sha512-zbB9rCJAT1rbjiVDb2hqKFHNYLxgtk8NURxZ3IZwD3F6NtxbXZQCnnSi1Lkx+IDohdPlFp222wVALIheZJQSEg==",
      "license": "MIT",
      "peer": true,
      "dependencies": {
        "color-convert": "^2.0.1"
      },
      "engines": {
        "node": ">=8"
      },
      "funding": {
        "url": "https://github.com/chalk/ansi-styles?sponsor=1"
      }
    },
    "node_modules/@solana-mobile/mobile-wallet-adapter-protocol-web3js/node_modules/jest-util/node_modules/chalk": {
      "version": "4.1.2",
      "resolved": "https://registry.npmjs.org/chalk/-/chalk-4.1.2.tgz",
      "integrity": "sha512-oKnbhFyRIXpUuez8iBMmyEa4nbj4IOQyuhc/wy9kY7/WVPcwIO9VA668Pu8RkO7+0G76SLROeyw9CpQ061i4mA==",
      "license": "MIT",
      "peer": true,
      "dependencies": {
        "ansi-styles": "^4.1.0",
        "supports-color": "^7.1.0"
      },
      "engines": {
        "node": ">=10"
      },
      "funding": {
        "url": "https://github.com/chalk/chalk?sponsor=1"
      }
    },
    "node_modules/@solana-mobile/mobile-wallet-adapter-protocol-web3js/node_modules/jest-util/node_modules/supports-color": {
      "version": "7.2.0",
      "resolved": "https://registry.npmjs.org/supports-color/-/supports-color-7.2.0.tgz",
      "integrity": "sha512-qpCAvRl9stuOHveKsn7HncJRvv501qIacKzQlO/+Lwxc9+0q2wLyv4Dfvt80/DPn2pqOBsJdDiogXGR9+OvwRw==",
      "license": "MIT",
      "peer": true,
      "dependencies": {
        "has-flag": "^4.0.0"
      },
      "engines": {
        "node": ">=8"
      }
    },
    "node_modules/@solana-mobile/mobile-wallet-adapter-protocol-web3js/node_modules/jest-worker": {
      "version": "29.7.0",
      "resolved": "https://registry.npmjs.org/jest-worker/-/jest-worker-29.7.0.tgz",
      "integrity": "sha512-eIz2msL/EzL9UFTFFx7jBTkeZfku0yUAyZZZmJ93H2TYEiroIx2PQjEXcwYtYl8zXCxb+PAmA2hLIt/6ZEkPHw==",
      "license": "MIT",
      "peer": true,
      "dependencies": {
        "@types/node": "*",
        "jest-util": "^29.7.0",
        "merge-stream": "^2.0.0",
        "supports-color": "^8.0.0"
      },
      "engines": {
        "node": "^14.15.0 || ^16.10.0 || >=18.0.0"
      }
    },
    "node_modules/@solana-mobile/mobile-wallet-adapter-protocol-web3js/node_modules/pretty-format": {
      "version": "29.7.0",
      "resolved": "https://registry.npmjs.org/pretty-format/-/pretty-format-29.7.0.tgz",
      "integrity": "sha512-Pdlw/oPxN+aXdmM9R00JVC9WVFoCLTKJvDVLgmJ+qAffBMxsV85l/Lu7sNx4zSzPyoL2euImuEwHhOXdEgNFZQ==",
      "license": "MIT",
      "peer": true,
      "dependencies": {
        "@jest/schemas": "^29.6.3",
        "ansi-styles": "^5.0.0",
        "react-is": "^18.0.0"
      },
      "engines": {
        "node": "^14.15.0 || ^16.10.0 || >=18.0.0"
      }
    },
    "node_modules/@solana-mobile/mobile-wallet-adapter-protocol-web3js/node_modules/react": {
      "version": "19.2.0",
      "resolved": "https://registry.npmjs.org/react/-/react-19.2.0.tgz",
      "integrity": "sha512-tmbWg6W31tQLeB5cdIBOicJDJRR2KzXsV7uSK9iNfLWQ5bIZfxuPEHp7M8wiHyHnn0DD1i7w3Zmin0FtkrwoCQ==",
      "license": "MIT",
      "peer": true,
      "engines": {
        "node": ">=0.10.0"
      }
    },
    "node_modules/@solana-mobile/mobile-wallet-adapter-protocol-web3js/node_modules/react-is": {
      "version": "18.3.1",
      "resolved": "https://registry.npmjs.org/react-is/-/react-is-18.3.1.tgz",
      "integrity": "sha512-/LLMVyas0ljjAtoYiPqYiL8VWXzUUdThrmU5+n20DZv+a+ClRoevUzw5JxU+Ieh5/c87ytoTBV9G1FiKfNJdmg==",
      "license": "MIT",
      "peer": true
    },
    "node_modules/@solana-mobile/mobile-wallet-adapter-protocol-web3js/node_modules/react-native": {
      "version": "0.82.1",
      "resolved": "https://registry.npmjs.org/react-native/-/react-native-0.82.1.tgz",
      "integrity": "sha512-tFAqcU7Z4g49xf/KnyCEzI4nRTu1Opcx05Ov2helr8ZTg1z7AJR/3sr2rZ+AAVlAs2IXk+B0WOxXGmdD3+4czA==",
      "license": "MIT",
      "peer": true,
      "dependencies": {
        "@jest/create-cache-key-function": "^29.7.0",
        "@react-native/assets-registry": "0.82.1",
        "@react-native/codegen": "0.82.1",
        "@react-native/community-cli-plugin": "0.82.1",
        "@react-native/gradle-plugin": "0.82.1",
        "@react-native/js-polyfills": "0.82.1",
        "@react-native/normalize-colors": "0.82.1",
        "@react-native/virtualized-lists": "0.82.1",
        "abort-controller": "^3.0.0",
        "anser": "^1.4.9",
        "ansi-regex": "^5.0.0",
        "babel-jest": "^29.7.0",
        "babel-plugin-syntax-hermes-parser": "0.32.0",
        "base64-js": "^1.5.1",
        "commander": "^12.0.0",
        "flow-enums-runtime": "^0.0.6",
        "glob": "^7.1.1",
        "hermes-compiler": "0.0.0",
        "invariant": "^2.2.4",
        "jest-environment-node": "^29.7.0",
        "memoize-one": "^5.0.0",
        "metro-runtime": "^0.83.1",
        "metro-source-map": "^0.83.1",
        "nullthrows": "^1.1.1",
        "pretty-format": "^29.7.0",
        "promise": "^8.3.0",
        "react-devtools-core": "^6.1.5",
        "react-refresh": "^0.14.0",
        "regenerator-runtime": "^0.13.2",
        "scheduler": "0.26.0",
        "semver": "^7.1.3",
        "stacktrace-parser": "^0.1.10",
        "whatwg-fetch": "^3.0.0",
        "ws": "^6.2.3",
        "yargs": "^17.6.2"
      },
      "bin": {
        "react-native": "cli.js"
      },
      "engines": {
        "node": ">= 20.19.4"
      },
      "peerDependencies": {
        "@types/react": "^19.1.1",
        "react": "^19.1.1"
      },
      "peerDependenciesMeta": {
        "@types/react": {
          "optional": true
        }
      }
    },
    "node_modules/@solana-mobile/mobile-wallet-adapter-protocol-web3js/node_modules/react-native/node_modules/commander": {
      "version": "12.1.0",
      "resolved": "https://registry.npmjs.org/commander/-/commander-12.1.0.tgz",
      "integrity": "sha512-Vw8qHK3bZM9y/P10u3Vib8o/DdkvA2OtPtZvD871QKjy74Wj1WSKFILMPRPSdUSx5RFK1arlJzEtA4PkFgnbuA==",
      "license": "MIT",
      "peer": true,
      "engines": {
        "node": ">=18"
      }
    },
    "node_modules/@solana-mobile/mobile-wallet-adapter-protocol-web3js/node_modules/react-refresh": {
      "version": "0.14.2",
      "resolved": "https://registry.npmjs.org/react-refresh/-/react-refresh-0.14.2.tgz",
      "integrity": "sha512-jCvmsr+1IUSMUyzOkRcvnVbX3ZYC6g9TDrDbFuFmRDq7PD4yaGbLKNQL6k2jnArV8hjYxh7hVhAZB6s9HDGpZA==",
      "license": "MIT",
      "peer": true,
      "engines": {
        "node": ">=0.10.0"
      }
    },
    "node_modules/@solana-mobile/mobile-wallet-adapter-protocol-web3js/node_modules/scheduler": {
      "version": "0.26.0",
      "resolved": "https://registry.npmjs.org/scheduler/-/scheduler-0.26.0.tgz",
      "integrity": "sha512-NlHwttCI/l5gCPR3D1nNXtWABUmBwvZpEQiD4IXSbIDq8BzLIK/7Ir5gTFSGZDUu37K5cMNp0hFtzO38sC7gWA==",
      "license": "MIT",
      "peer": true
    },
    "node_modules/@solana-mobile/mobile-wallet-adapter-protocol-web3js/node_modules/supports-color": {
      "version": "8.1.1",
      "resolved": "https://registry.npmjs.org/supports-color/-/supports-color-8.1.1.tgz",
      "integrity": "sha512-MpUEN2OodtUzxvKQl72cUF7RQ5EiHsGvSsVG0ia9c5RbWGL2CI4C7EpPS8UTBIplnlzZiNuV56w+FuNxy3ty2Q==",
      "license": "MIT",
      "peer": true,
      "dependencies": {
        "has-flag": "^4.0.0"
      },
      "engines": {
        "node": ">=10"
      },
      "funding": {
        "url": "https://github.com/chalk/supports-color?sponsor=1"
      }
    },
    "node_modules/@solana-mobile/mobile-wallet-adapter-protocol-web3js/node_modules/typescript": {
      "version": "5.9.3",
      "resolved": "https://registry.npmjs.org/typescript/-/typescript-5.9.3.tgz",
      "integrity": "sha512-jl1vZzPDinLr9eUt3J/t7V6FgNEw9QjvBPdysz9KfQDD41fQrC2Y4vKQdiaUpFT4bXlb1RHhLpp8wtm6M5TgSw==",
      "license": "Apache-2.0",
      "peer": true,
      "bin": {
        "tsc": "bin/tsc",
        "tsserver": "bin/tsserver"
      },
      "engines": {
        "node": ">=14.17"
      }
    },
    "node_modules/@solana-mobile/mobile-wallet-adapter-protocol-web3js/node_modules/write-file-atomic": {
      "version": "4.0.2",
      "resolved": "https://registry.npmjs.org/write-file-atomic/-/write-file-atomic-4.0.2.tgz",
      "integrity": "sha512-7KxauUdBmSdWnmpaGFg+ppNjKF8uNLry8LyzjauQDOVONfFLNKrKvQOxZ/VuTIcS/gge/YNahf5RIIQWTSarlg==",
      "license": "ISC",
      "peer": true,
      "dependencies": {
        "imurmurhash": "^0.1.4",
        "signal-exit": "^3.0.7"
      },
      "engines": {
        "node": "^12.13.0 || ^14.15.0 || >=16.0.0"
      }
    },
    "node_modules/@solana-mobile/mobile-wallet-adapter-protocol-web3js/node_modules/ws": {
      "version": "6.2.3",
      "resolved": "https://registry.npmjs.org/ws/-/ws-6.2.3.tgz",
      "integrity": "sha512-jmTjYU0j60B+vHey6TfR3Z7RD61z/hmxBS3VMSGIrroOWXQEneK1zNuotOUrGyBHQj0yrpsLHPWtigEFd13ndA==",
      "license": "MIT",
      "peer": true,
      "dependencies": {
        "async-limiter": "~1.0.0"
      }
    },
    "node_modules/@solana-mobile/wallet-adapter-mobile": {
      "version": "2.2.5",
      "resolved": "https://registry.npmjs.org/@solana-mobile/wallet-adapter-mobile/-/wallet-adapter-mobile-2.2.5.tgz",
      "integrity": "sha512-Zpzfwm3N4FfI63ZMs2qZChQ1j0z+p2prkZbSU51NyTnE+K9l9sDAl8RmRCOWnE29y+/AN10WuQZQoIAccHVOFg==",
      "license": "Apache-2.0",
      "dependencies": {
        "@solana-mobile/mobile-wallet-adapter-protocol-web3js": "^2.2.5",
        "@solana-mobile/wallet-standard-mobile": "^0.4.3",
        "@solana/wallet-adapter-base": "^0.9.23",
        "@solana/wallet-standard-features": "^1.2.0",
        "js-base64": "^3.7.5"
      },
      "optionalDependencies": {
        "@react-native-async-storage/async-storage": "^1.17.7"
      },
      "peerDependencies": {
        "@solana/web3.js": "^1.58.0"
      }
    },
    "node_modules/@solana-mobile/wallet-adapter-mobile/node_modules/@jest/transform": {
      "version": "29.7.0",
      "resolved": "https://registry.npmjs.org/@jest/transform/-/transform-29.7.0.tgz",
      "integrity": "sha512-ok/BTPFzFKVMwO5eOHRrvnBVHdRy9IrsrW1GpMaQ9MCnilNLXQKmAX8s1YXDFaai9xJpac2ySzV0YeRRECr2Vw==",
      "license": "MIT",
      "optional": true,
      "peer": true,
      "dependencies": {
        "@babel/core": "^7.11.6",
        "@jest/types": "^29.6.3",
        "@jridgewell/trace-mapping": "^0.3.18",
        "babel-plugin-istanbul": "^6.1.1",
        "chalk": "^4.0.0",
        "convert-source-map": "^2.0.0",
        "fast-json-stable-stringify": "^2.1.0",
        "graceful-fs": "^4.2.9",
        "jest-haste-map": "^29.7.0",
        "jest-regex-util": "^29.6.3",
        "jest-util": "^29.7.0",
        "micromatch": "^4.0.4",
        "pirates": "^4.0.4",
        "slash": "^3.0.0",
        "write-file-atomic": "^4.0.2"
      },
      "engines": {
        "node": "^14.15.0 || ^16.10.0 || >=18.0.0"
      }
    },
    "node_modules/@solana-mobile/wallet-adapter-mobile/node_modules/@jest/types": {
      "version": "29.6.3",
      "resolved": "https://registry.npmjs.org/@jest/types/-/types-29.6.3.tgz",
      "integrity": "sha512-u3UPsIilWKOM3F9CXtrG8LEJmNxwoCQC/XVj4IKYXvvpx7QIi/Kg1LI5uDmDpKlac62NUtX7eLjRh+jVZcLOzw==",
      "license": "MIT",
      "optional": true,
      "peer": true,
      "dependencies": {
        "@jest/schemas": "^29.6.3",
        "@types/istanbul-lib-coverage": "^2.0.0",
        "@types/istanbul-reports": "^3.0.0",
        "@types/node": "*",
        "@types/yargs": "^17.0.8",
        "chalk": "^4.0.0"
      },
      "engines": {
        "node": "^14.15.0 || ^16.10.0 || >=18.0.0"
      }
    },
    "node_modules/@solana-mobile/wallet-adapter-mobile/node_modules/@react-native-async-storage/async-storage": {
      "version": "1.24.0",
      "resolved": "https://registry.npmjs.org/@react-native-async-storage/async-storage/-/async-storage-1.24.0.tgz",
      "integrity": "sha512-W4/vbwUOYOjco0x3toB8QCr7EjIP6nE9G7o8PMguvvjYT5Awg09lyV4enACRx4s++PPulBiBSjL0KTFx2u0Z/g==",
      "license": "MIT",
      "optional": true,
      "dependencies": {
        "merge-options": "^3.0.4"
      },
      "peerDependencies": {
        "react-native": "^0.0.0-0 || >=0.60 <1.0"
      }
    },
    "node_modules/@solana-mobile/wallet-adapter-mobile/node_modules/@react-native/virtualized-lists": {
      "version": "0.82.1",
      "resolved": "https://registry.npmjs.org/@react-native/virtualized-lists/-/virtualized-lists-0.82.1.tgz",
      "integrity": "sha512-f5zpJg9gzh7JtCbsIwV+4kP3eI0QBuA93JGmwFRd4onQ3DnCjV2J5pYqdWtM95sjSKK1dyik59Gj01lLeKqs1Q==",
      "license": "MIT",
      "optional": true,
      "peer": true,
      "dependencies": {
        "invariant": "^2.2.4",
        "nullthrows": "^1.1.1"
      },
      "engines": {
        "node": ">= 20.19.4"
      },
      "peerDependencies": {
        "@types/react": "^19.1.1",
        "react": "*",
        "react-native": "*"
      },
      "peerDependenciesMeta": {
        "@types/react": {
          "optional": true
        }
      }
    },
    "node_modules/@solana-mobile/wallet-adapter-mobile/node_modules/@types/react": {
      "version": "19.2.7",
      "resolved": "https://registry.npmjs.org/@types/react/-/react-19.2.7.tgz",
      "integrity": "sha512-MWtvHrGZLFttgeEj28VXHxpmwYbor/ATPYbBfSFZEIRK0ecCFLl2Qo55z52Hss+UV9CRN7trSeq1zbgx7YDWWg==",
      "license": "MIT",
      "optional": true,
      "peer": true,
      "dependencies": {
        "csstype": "^3.2.2"
      }
    },
    "node_modules/@solana-mobile/wallet-adapter-mobile/node_modules/@types/yargs": {
      "version": "17.0.35",
      "resolved": "https://registry.npmjs.org/@types/yargs/-/yargs-17.0.35.tgz",
      "integrity": "sha512-qUHkeCyQFxMXg79wQfTtfndEC+N9ZZg76HJftDJp+qH2tV7Gj4OJi7l+PiWwJ+pWtW8GwSmqsDj/oymhrTWXjg==",
      "license": "MIT",
      "optional": true,
      "peer": true,
      "dependencies": {
        "@types/yargs-parser": "*"
      }
    },
    "node_modules/@solana-mobile/wallet-adapter-mobile/node_modules/ansi-styles": {
      "version": "4.3.0",
      "resolved": "https://registry.npmjs.org/ansi-styles/-/ansi-styles-4.3.0.tgz",
      "integrity": "sha512-zbB9rCJAT1rbjiVDb2hqKFHNYLxgtk8NURxZ3IZwD3F6NtxbXZQCnnSi1Lkx+IDohdPlFp222wVALIheZJQSEg==",
      "license": "MIT",
      "optional": true,
      "peer": true,
      "dependencies": {
        "color-convert": "^2.0.1"
      },
      "engines": {
        "node": ">=8"
      },
      "funding": {
        "url": "https://github.com/chalk/ansi-styles?sponsor=1"
      }
    },
    "node_modules/@solana-mobile/wallet-adapter-mobile/node_modules/babel-jest": {
      "version": "29.7.0",
      "resolved": "https://registry.npmjs.org/babel-jest/-/babel-jest-29.7.0.tgz",
      "integrity": "sha512-BrvGY3xZSwEcCzKvKsCi2GgHqDqsYkOP4/by5xCgIwGXQxIEh+8ew3gmrE1y7XRR6LHZIj6yLYnUi/mm2KXKBg==",
      "license": "MIT",
      "optional": true,
      "peer": true,
      "dependencies": {
        "@jest/transform": "^29.7.0",
        "@types/babel__core": "^7.1.14",
        "babel-plugin-istanbul": "^6.1.1",
        "babel-preset-jest": "^29.6.3",
        "chalk": "^4.0.0",
        "graceful-fs": "^4.2.9",
        "slash": "^3.0.0"
      },
      "engines": {
        "node": "^14.15.0 || ^16.10.0 || >=18.0.0"
      },
      "peerDependencies": {
        "@babel/core": "^7.8.0"
    "node_modules/@solana-mobile/wallet-adapter-mobile/node_modules/babel-plugin-jest-hoist": {
      "optional": true,
    "node_modules/@solana-mobile/wallet-adapter-mobile/node_modules/babel-preset-jest": {
      "optional": true,
    "node_modules/@solana-mobile/wallet-adapter-mobile/node_modules/chalk": {
      "version": "4.1.2",
      "resolved": "https://registry.npmjs.org/chalk/-/chalk-4.1.2.tgz",
      "integrity": "sha512-oKnbhFyRIXpUuez8iBMmyEa4nbj4IOQyuhc/wy9kY7/WVPcwIO9VA668Pu8RkO7+0G76SLROeyw9CpQ061i4mA==",
      "optional": true,
      "peer": true,
        "ansi-styles": "^4.1.0",
        "supports-color": "^7.1.0"
      },
        "node": ">=10"
    "node_modules/@solana-mobile/wallet-adapter-mobile/node_modules/color-convert": {
      "optional": true,
    "node_modules/@solana-mobile/wallet-adapter-mobile/node_modules/color-name": {
      "optional": true,
    "node_modules/@solana-mobile/wallet-adapter-mobile/node_modules/commander": {
      "version": "12.1.0",
      "resolved": "https://registry.npmjs.org/commander/-/commander-12.1.0.tgz",
      "integrity": "sha512-Vw8qHK3bZM9y/P10u3Vib8o/DdkvA2OtPtZvD871QKjy74Wj1WSKFILMPRPSdUSx5RFK1arlJzEtA4PkFgnbuA==",
      "optional": true,
      "peer": true,
        "node": ">=18"
    "node_modules/@solana-mobile/wallet-adapter-mobile/node_modules/has-flag": {
      "optional": true,
    "node_modules/@solana-mobile/wallet-adapter-mobile/node_modules/jest-haste-map": {
      "optional": true,
    "node_modules/@solana-mobile/wallet-adapter-mobile/node_modules/jest-regex-util": {
      "optional": true,
    "node_modules/@solana-mobile/wallet-adapter-mobile/node_modules/jest-util": {
      "optional": true,
    "node_modules/@solana-mobile/wallet-adapter-mobile/node_modules/jest-worker": {
      "version": "29.7.0",
      "resolved": "https://registry.npmjs.org/jest-worker/-/jest-worker-29.7.0.tgz",
      "integrity": "sha512-eIz2msL/EzL9UFTFFx7jBTkeZfku0yUAyZZZmJ93H2TYEiroIx2PQjEXcwYtYl8zXCxb+PAmA2hLIt/6ZEkPHw==",
      "optional": true,
        "@types/node": "*",
        "jest-util": "^29.7.0",
        "merge-stream": "^2.0.0",
        "supports-color": "^8.0.0"
        "node": "^14.15.0 || ^16.10.0 || >=18.0.0"
    "node_modules/@solana-mobile/wallet-adapter-mobile/node_modules/jest-worker/node_modules/supports-color": {
      "version": "8.1.1",
      "resolved": "https://registry.npmjs.org/supports-color/-/supports-color-8.1.1.tgz",
      "integrity": "sha512-MpUEN2OodtUzxvKQl72cUF7RQ5EiHsGvSsVG0ia9c5RbWGL2CI4C7EpPS8UTBIplnlzZiNuV56w+FuNxy3ty2Q==",
      "optional": true,
        "has-flag": "^4.0.0"
        "url": "https://github.com/chalk/supports-color?sponsor=1"
    "node_modules/@solana-mobile/wallet-adapter-mobile/node_modules/pretty-format": {
      "optional": true,
    "node_modules/@solana-mobile/wallet-adapter-mobile/node_modules/pretty-format/node_modules/ansi-styles": {
      "version": "5.2.0",
      "resolved": "https://registry.npmjs.org/ansi-styles/-/ansi-styles-5.2.0.tgz",
      "integrity": "sha512-Cxwpt2SfTzTtXcfOlzGEee8O+c+MmUgGrNiBcXnuWxuFJHe6a5Hz7qwhwe5OgaSYI0IJvkLqWX1ASG+cJOkEiA==",
      "license": "MIT",
      "optional": true,
      "peer": true,
      "engines": {
        "node": ">=10"
      },
      "funding": {
        "url": "https://github.com/chalk/ansi-styles?sponsor=1"
      }
    },
    "node_modules/@solana-mobile/wallet-adapter-mobile/node_modules/react": {
      "optional": true,
    "node_modules/@solana-mobile/wallet-adapter-mobile/node_modules/react-is": {
      "optional": true,
    "node_modules/@solana-mobile/wallet-adapter-mobile/node_modules/react-native": {
      "optional": true,
    "node_modules/@solana-mobile/wallet-adapter-mobile/node_modules/react-refresh": {
      "optional": true,
    "node_modules/@solana-mobile/wallet-adapter-mobile/node_modules/scheduler": {
      "optional": true,
    "node_modules/@solana-mobile/wallet-adapter-mobile/node_modules/supports-color": {
      "version": "7.2.0",
      "resolved": "https://registry.npmjs.org/supports-color/-/supports-color-7.2.0.tgz",
      "integrity": "sha512-qpCAvRl9stuOHveKsn7HncJRvv501qIacKzQlO/+Lwxc9+0q2wLyv4Dfvt80/DPn2pqOBsJdDiogXGR9+OvwRw==",
      "optional": true,
        "node": ">=8"
    "node_modules/@solana-mobile/wallet-adapter-mobile/node_modules/write-file-atomic": {
      "optional": true,
    "node_modules/@solana-mobile/wallet-adapter-mobile/node_modules/ws": {
      "optional": true,
    "node_modules/@solana-mobile/wallet-standard-mobile/node_modules/@types/react": {
      "version": "19.2.7",
      "resolved": "https://registry.npmjs.org/@types/react/-/react-19.2.7.tgz",
      "integrity": "sha512-MWtvHrGZLFttgeEj28VXHxpmwYbor/ATPYbBfSFZEIRK0ecCFLl2Qo55z52Hss+UV9CRN7trSeq1zbgx7YDWWg==",
      "license": "MIT",
      "optional": true,
      "peer": true,
      "dependencies": {
        "csstype": "^3.2.2"
      }
    },
    "node_modules/@walletconnect/utils/node_modules/typescript": {
      "version": "5.9.3",
      "resolved": "https://registry.npmjs.org/typescript/-/typescript-5.9.3.tgz",
      "integrity": "sha512-jl1vZzPDinLr9eUt3J/t7V6FgNEw9QjvBPdysz9KfQDD41fQrC2Y4vKQdiaUpFT4bXlb1RHhLpp8wtm6M5TgSw==",
      "license": "Apache-2.0",
      "optional": true,
      "peer": true,
      "bin": {
        "tsc": "bin/tsc",
        "tsserver": "bin/tsserver"
      },
      "engines": {
        "node": ">=14.17"
      }
    },
    "node_modules/react-app-rewired": {
      "version": "2.2.1",
      "resolved": "https://registry.npmjs.org/react-app-rewired/-/react-app-rewired-2.2.1.tgz",
      "integrity": "sha512-uFQWTErXeLDrMzOJHKp0h8P1z0LV9HzPGsJ6adOtGlA/B9WfT6Shh4j2tLTTGlXOfiVx6w6iWpp7SOC5pvk+gA==",
      "dev": true,
      "license": "MIT",
      "dependencies": {
        "semver": "^5.6.0"
      },
      "bin": {
        "react-app-rewired": "bin/index.js"
      },
      "peerDependencies": {
        "react-scripts": ">=2.1.3"
      }
    },
    "node_modules/react-app-rewired/node_modules/semver": {
      "version": "5.7.2",
      "resolved": "https://registry.npmjs.org/semver/-/semver-5.7.2.tgz",
      "integrity": "sha512-cBznnQ9KjJqU67B52RMC65CMarK2600WFnbkcaiwWq3xy/5haFJlshgnpjovMVJ+Hff49d8GEn0b87C5pDQ10g==",
      "dev": true,
      "license": "ISC",
      "bin": {
        "semver": "bin/semver"
      }
    },
